
Microsoft Visual Studio Solution File, Format Version 12.00
# Visual Studio Version 16
VisualStudioVersion = 16.0.30011.22
MinimumVisualStudioVersion = 10.0.40219.1
Project("{FAE04EC0-301F-11D3-BF4B-00C04F79EFBC}") = "BalancedBrackets", "BalancedBrackets\BalancedBrackets.csproj", "{CB4F148B-D3A2-461C-B16F-E23589D5184D}"
EndProject
Project("{FAE04EC0-301F-11D3-BF4B-00C04F79EFBC}") = "UnitTestProject1", "UnitTestProject1\UnitTestProject1.csproj", "{2A2742DD-A1CE-4354-8D8D-4FB6947CEF14}"
EndProject
Global
	GlobalSection(SolutionConfigurationPlatforms) = preSolution
		Debug|Any CPU = Debug|Any CPU
		Release|Any CPU = Release|Any CPU
	EndGlobalSection
	GlobalSection(ProjectConfigurationPlatforms) = postSolution
		{CB4F148B-D3A2-461C-B16F-E23589D5184D}.Debug|Any CPU.ActiveCfg = Debug|Any CPU
		{CB4F148B-D3A2-461C-B16F-E23589D5184D}.Debug|Any CPU.Build.0 = Debug|Any CPU
		{CB4F148B-D3A2-461C-B16F-E23589D5184D}.Release|Any CPU.ActiveCfg = Release|Any CPU
		{CB4F148B-D3A2-461C-B16F-E23589D5184D}.Release|Any CPU.Build.0 = Release|Any CPU
		{2A2742DD-A1CE-4354-8D8D-4FB6947CEF14}.Debug|Any CPU.ActiveCfg = Debug|Any CPU
		{2A2742DD-A1CE-4354-8D8D-4FB6947CEF14}.Debug|Any CPU.Build.0 = Debug|Any CPU
		{2A2742DD-A1CE-4354-8D8D-4FB6947CEF14}.Release|Any CPU.ActiveCfg = Release|Any CPU
		{2A2742DD-A1CE-4354-8D8D-4FB6947CEF14}.Release|Any CPU.Build.0 = Release|Any CPU
	EndGlobalSection
	GlobalSection(SolutionProperties) = preSolution
		HideSolutionNode = FALSE
	EndGlobalSection
	GlobalSection(ExtensibilityGlobals) = postSolution
		SolutionGuid = {C6ADC6FD-F55C-459A-9ED7-AC12BCC9E5A5}
	EndGlobalSection
EndGlobal
