
Microsoft Visual Studio Solution File, Format Version 12.00
# Visual Studio Version 16
VisualStudioVersion = 16.0.30011.22
MinimumVisualStudioVersion = 10.0.40219.1
Project("{FAE04EC0-301F-11D3-BF4B-00C04F79EFBC}") = "BinaryTree", "TreeHeightOfABinaryTree\BinaryTree.csproj", "{3E6B5DF2-63B0-4A2C-86F0-EA669C3EEFDA}"
EndProject
Project("{FAE04EC0-301F-11D3-BF4B-00C04F79EFBC}") = "UnitTestProject1", "UnitTestProject1\UnitTestProject1.csproj", "{1A742400-6BC6-4991-91B1-04B102ADB66F}"
EndProject
Global
	GlobalSection(SolutionConfigurationPlatforms) = preSolution
		Debug|Any CPU = Debug|Any CPU
		Release|Any CPU = Release|Any CPU
	EndGlobalSection
	GlobalSection(ProjectConfigurationPlatforms) = postSolution
		{3E6B5DF2-63B0-4A2C-86F0-EA669C3EEFDA}.Debug|Any CPU.ActiveCfg = Debug|Any CPU
		{3E6B5DF2-63B0-4A2C-86F0-EA669C3EEFDA}.Debug|Any CPU.Build.0 = Debug|Any CPU
		{3E6B5DF2-63B0-4A2C-86F0-EA669C3EEFDA}.Release|Any CPU.ActiveCfg = Release|Any CPU
		{3E6B5DF2-63B0-4A2C-86F0-EA669C3EEFDA}.Release|Any CPU.Build.0 = Release|Any CPU
		{1A742400-6BC6-4991-91B1-04B102ADB66F}.Debug|Any CPU.ActiveCfg = Debug|Any CPU
		{1A742400-6BC6-4991-91B1-04B102ADB66F}.Debug|Any CPU.Build.0 = Debug|Any CPU
		{1A742400-6BC6-4991-91B1-04B102ADB66F}.Release|Any CPU.ActiveCfg = Release|Any CPU
		{1A742400-6BC6-4991-91B1-04B102ADB66F}.Release|Any CPU.Build.0 = Release|Any CPU
	EndGlobalSection
	GlobalSection(SolutionProperties) = preSolution
		HideSolutionNode = FALSE
	EndGlobalSection
	GlobalSection(ExtensibilityGlobals) = postSolution
		SolutionGuid = {D111C94B-8D95-46C4-826C-F4648F47E719}
	EndGlobalSection
EndGlobal
