
Microsoft Visual Studio Solution File, Format Version 12.00
# Visual Studio Version 16
VisualStudioVersion = 16.0.30011.22
MinimumVisualStudioVersion = 10.0.40219.1
Project("{FAE04EC0-301F-11D3-BF4B-00C04F79EFBC}") = "RepeatedString", "RepeatedString\RepeatedString.csproj", "{960DA0E5-3759-4DD3-9997-8CDBB139D089}"
EndProject
Project("{FAE04EC0-301F-11D3-BF4B-00C04F79EFBC}") = "UnitTestProject1", "UnitTestProject1\UnitTestProject1.csproj", "{3976EA7A-6F12-47B4-9548-F60129E78962}"
EndProject
Global
	GlobalSection(SolutionConfigurationPlatforms) = preSolution
		Debug|Any CPU = Debug|Any CPU
		Release|Any CPU = Release|Any CPU
	EndGlobalSection
	GlobalSection(ProjectConfigurationPlatforms) = postSolution
		{960DA0E5-3759-4DD3-9997-8CDBB139D089}.Debug|Any CPU.ActiveCfg = Debug|Any CPU
		{960DA0E5-3759-4DD3-9997-8CDBB139D089}.Debug|Any CPU.Build.0 = Debug|Any CPU
		{960DA0E5-3759-4DD3-9997-8CDBB139D089}.Release|Any CPU.ActiveCfg = Release|Any CPU
		{960DA0E5-3759-4DD3-9997-8CDBB139D089}.Release|Any CPU.Build.0 = Release|Any CPU
		{3976EA7A-6F12-47B4-9548-F60129E78962}.Debug|Any CPU.ActiveCfg = Debug|Any CPU
		{3976EA7A-6F12-47B4-9548-F60129E78962}.Debug|Any CPU.Build.0 = Debug|Any CPU
		{3976EA7A-6F12-47B4-9548-F60129E78962}.Release|Any CPU.ActiveCfg = Release|Any CPU
		{3976EA7A-6F12-47B4-9548-F60129E78962}.Release|Any CPU.Build.0 = Release|Any CPU
	EndGlobalSection
	GlobalSection(SolutionProperties) = preSolution
		HideSolutionNode = FALSE
	EndGlobalSection
	GlobalSection(ExtensibilityGlobals) = postSolution
		SolutionGuid = {65117ABE-CC07-4448-A3FB-9DEA57B7DC5C}
	EndGlobalSection
EndGlobal
