
Microsoft Visual Studio Solution File, Format Version 12.00
# Visual Studio Version 16
VisualStudioVersion = 16.0.30011.22
MinimumVisualStudioVersion = 10.0.40219.1
Project("{9A19103F-16F7-4668-BE54-9A1E7A4F7556}") = "UnitTestProject1", "UnitTestProject1\UnitTestProject1.csproj", "{FFDE0DE5-4DE8-4D16-9CB2-6DBFEE6A32B2}"
EndProject
Project("{9A19103F-16F7-4668-BE54-9A1E7A4F7556}") = "DiskSpace", "DiskSpace\DiskSpace.csproj", "{B53FA19D-F6F8-4CE1-811F-6CF4394FC707}"
EndProject
Global
	GlobalSection(SolutionConfigurationPlatforms) = preSolution
		Debug|Any CPU = Debug|Any CPU
		Release|Any CPU = Release|Any CPU
	EndGlobalSection
	GlobalSection(ProjectConfigurationPlatforms) = postSolution
		{FFDE0DE5-4DE8-4D16-9CB2-6DBFEE6A32B2}.Debug|Any CPU.ActiveCfg = Debug|Any CPU
		{FFDE0DE5-4DE8-4D16-9CB2-6DBFEE6A32B2}.Debug|Any CPU.Build.0 = Debug|Any CPU
		{FFDE0DE5-4DE8-4D16-9CB2-6DBFEE6A32B2}.Release|Any CPU.ActiveCfg = Release|Any CPU
		{FFDE0DE5-4DE8-4D16-9CB2-6DBFEE6A32B2}.Release|Any CPU.Build.0 = Release|Any CPU
		{B53FA19D-F6F8-4CE1-811F-6CF4394FC707}.Debug|Any CPU.ActiveCfg = Debug|Any CPU
		{B53FA19D-F6F8-4CE1-811F-6CF4394FC707}.Debug|Any CPU.Build.0 = Debug|Any CPU
		{B53FA19D-F6F8-4CE1-811F-6CF4394FC707}.Release|Any CPU.ActiveCfg = Release|Any CPU
		{B53FA19D-F6F8-4CE1-811F-6CF4394FC707}.Release|Any CPU.Build.0 = Release|Any CPU
	EndGlobalSection
	GlobalSection(SolutionProperties) = preSolution
		HideSolutionNode = FALSE
	EndGlobalSection
	GlobalSection(ExtensibilityGlobals) = postSolution
		SolutionGuid = {A55ECD69-0227-4E3C-A112-7875C4FDF329}
	EndGlobalSection
EndGlobal
