
Microsoft Visual Studio Solution File, Format Version 12.00
# Visual Studio Version 16
VisualStudioVersion = 16.0.30011.22
MinimumVisualStudioVersion = 10.0.40219.1
Project("{FAE04EC0-301F-11D3-BF4B-00C04F79EFBC}") = "LeadALife", "LeadALife\LeadALife.csproj", "{D7DFE6F3-926D-461B-997C-377E2E095398}"
EndProject
Project("{FAE04EC0-301F-11D3-BF4B-00C04F79EFBC}") = "LeadALifeConsole", "LeadALifeConsole\LeadALifeConsole.csproj", "{76F7C126-B209-44AE-A670-802E36AEEB8A}"
EndProject
Project("{FAE04EC0-301F-11D3-BF4B-00C04F79EFBC}") = "LeadALifeTest", "LeadALifeTest\LeadALifeTest.csproj", "{7E64705A-B15B-468D-A077-F58B486F79F3}"
EndProject
Global
	GlobalSection(SolutionConfigurationPlatforms) = preSolution
		Debug|Any CPU = Debug|Any CPU
		Release|Any CPU = Release|Any CPU
	EndGlobalSection
	GlobalSection(ProjectConfigurationPlatforms) = postSolution
		{D7DFE6F3-926D-461B-997C-377E2E095398}.Debug|Any CPU.ActiveCfg = Debug|Any CPU
		{D7DFE6F3-926D-461B-997C-377E2E095398}.Debug|Any CPU.Build.0 = Debug|Any CPU
		{D7DFE6F3-926D-461B-997C-377E2E095398}.Release|Any CPU.ActiveCfg = Release|Any CPU
		{D7DFE6F3-926D-461B-997C-377E2E095398}.Release|Any CPU.Build.0 = Release|Any CPU
		{76F7C126-B209-44AE-A670-802E36AEEB8A}.Debug|Any CPU.ActiveCfg = Debug|Any CPU
		{76F7C126-B209-44AE-A670-802E36AEEB8A}.Debug|Any CPU.Build.0 = Debug|Any CPU
		{76F7C126-B209-44AE-A670-802E36AEEB8A}.Release|Any CPU.ActiveCfg = Release|Any CPU
		{76F7C126-B209-44AE-A670-802E36AEEB8A}.Release|Any CPU.Build.0 = Release|Any CPU
		{7E64705A-B15B-468D-A077-F58B486F79F3}.Debug|Any CPU.ActiveCfg = Debug|Any CPU
		{7E64705A-B15B-468D-A077-F58B486F79F3}.Debug|Any CPU.Build.0 = Debug|Any CPU
		{7E64705A-B15B-468D-A077-F58B486F79F3}.Release|Any CPU.ActiveCfg = Release|Any CPU
		{7E64705A-B15B-468D-A077-F58B486F79F3}.Release|Any CPU.Build.0 = Release|Any CPU
	EndGlobalSection
	GlobalSection(SolutionProperties) = preSolution
		HideSolutionNode = FALSE
	EndGlobalSection
	GlobalSection(ExtensibilityGlobals) = postSolution
		SolutionGuid = {75ABBF2E-AE94-4A92-A4DB-9902FA9E04AB}
	EndGlobalSection
EndGlobal
