
Microsoft Visual Studio Solution File, Format Version 12.00
# Visual Studio Version 16
VisualStudioVersion = 16.0.30011.22
MinimumVisualStudioVersion = 10.0.40219.1
Project("{FAE04EC0-301F-11D3-BF4B-00C04F79EFBC}") = "CloudFrontCaching", "CloudFrontCaching\CloudFrontCaching.csproj", "{B792C033-6068-4FF7-8059-4B875AB0187B}"
EndProject
Project("{FAE04EC0-301F-11D3-BF4B-00C04F79EFBC}") = "UnitTestProject1", "UnitTestProject1\UnitTestProject1.csproj", "{D0AE181B-F03F-4938-A518-A26AFAB78580}"
EndProject
Global
	GlobalSection(SolutionConfigurationPlatforms) = preSolution
		Debug|Any CPU = Debug|Any CPU
		Release|Any CPU = Release|Any CPU
	EndGlobalSection
	GlobalSection(ProjectConfigurationPlatforms) = postSolution
		{B792C033-6068-4FF7-8059-4B875AB0187B}.Debug|Any CPU.ActiveCfg = Debug|Any CPU
		{B792C033-6068-4FF7-8059-4B875AB0187B}.Debug|Any CPU.Build.0 = Debug|Any CPU
		{B792C033-6068-4FF7-8059-4B875AB0187B}.Release|Any CPU.ActiveCfg = Release|Any CPU
		{B792C033-6068-4FF7-8059-4B875AB0187B}.Release|Any CPU.Build.0 = Release|Any CPU
		{D0AE181B-F03F-4938-A518-A26AFAB78580}.Debug|Any CPU.ActiveCfg = Debug|Any CPU
		{D0AE181B-F03F-4938-A518-A26AFAB78580}.Debug|Any CPU.Build.0 = Debug|Any CPU
		{D0AE181B-F03F-4938-A518-A26AFAB78580}.Release|Any CPU.ActiveCfg = Release|Any CPU
		{D0AE181B-F03F-4938-A518-A26AFAB78580}.Release|Any CPU.Build.0 = Release|Any CPU
	EndGlobalSection
	GlobalSection(SolutionProperties) = preSolution
		HideSolutionNode = FALSE
	EndGlobalSection
	GlobalSection(ExtensibilityGlobals) = postSolution
		SolutionGuid = {1CC2199F-5982-423A-95A2-9F1DA860ED31}
	EndGlobalSection
EndGlobal
