
Microsoft Visual Studio Solution File, Format Version 12.00
# Visual Studio Version 16
VisualStudioVersion = 16.0.30011.22
MinimumVisualStudioVersion = 10.0.40219.1
Project("{FAE04EC0-301F-11D3-BF4B-00C04F79EFBC}") = "ChooseAFlask", "ChooseAFlask\ChooseAFlask.csproj", "{7F0774CF-2178-4975-BAEE-CF25DCE3982A}"
EndProject
Project("{FAE04EC0-301F-11D3-BF4B-00C04F79EFBC}") = "ChooseAFlaskConsole", "ChooseAFlaskConsole\ChooseAFlaskConsole.csproj", "{A29FC2F1-F345-4AE6-909A-CECEAE1BFA8F}"
EndProject
Project("{FAE04EC0-301F-11D3-BF4B-00C04F79EFBC}") = "ChooseAFlaskTest", "ChooseAFlaskTest\ChooseAFlaskTest.csproj", "{AB268C20-5057-4B02-A0E0-F7A6AE715C1A}"
EndProject
Global
	GlobalSection(SolutionConfigurationPlatforms) = preSolution
		Debug|Any CPU = Debug|Any CPU
		Release|Any CPU = Release|Any CPU
	EndGlobalSection
	GlobalSection(ProjectConfigurationPlatforms) = postSolution
		{7F0774CF-2178-4975-BAEE-CF25DCE3982A}.Debug|Any CPU.ActiveCfg = Debug|Any CPU
		{7F0774CF-2178-4975-BAEE-CF25DCE3982A}.Debug|Any CPU.Build.0 = Debug|Any CPU
		{7F0774CF-2178-4975-BAEE-CF25DCE3982A}.Release|Any CPU.ActiveCfg = Release|Any CPU
		{7F0774CF-2178-4975-BAEE-CF25DCE3982A}.Release|Any CPU.Build.0 = Release|Any CPU
		{A29FC2F1-F345-4AE6-909A-CECEAE1BFA8F}.Debug|Any CPU.ActiveCfg = Debug|Any CPU
		{A29FC2F1-F345-4AE6-909A-CECEAE1BFA8F}.Debug|Any CPU.Build.0 = Debug|Any CPU
		{A29FC2F1-F345-4AE6-909A-CECEAE1BFA8F}.Release|Any CPU.ActiveCfg = Release|Any CPU
		{A29FC2F1-F345-4AE6-909A-CECEAE1BFA8F}.Release|Any CPU.Build.0 = Release|Any CPU
		{AB268C20-5057-4B02-A0E0-F7A6AE715C1A}.Debug|Any CPU.ActiveCfg = Debug|Any CPU
		{AB268C20-5057-4B02-A0E0-F7A6AE715C1A}.Debug|Any CPU.Build.0 = Debug|Any CPU
		{AB268C20-5057-4B02-A0E0-F7A6AE715C1A}.Release|Any CPU.ActiveCfg = Release|Any CPU
		{AB268C20-5057-4B02-A0E0-F7A6AE715C1A}.Release|Any CPU.Build.0 = Release|Any CPU
	EndGlobalSection
	GlobalSection(SolutionProperties) = preSolution
		HideSolutionNode = FALSE
	EndGlobalSection
	GlobalSection(ExtensibilityGlobals) = postSolution
		SolutionGuid = {3A452C45-7D61-4D87-8CDA-DBD65DF6E17C}
	EndGlobalSection
EndGlobal
