
Microsoft Visual Studio Solution File, Format Version 12.00
# Visual Studio Version 16
VisualStudioVersion = 16.0.30011.22
MinimumVisualStudioVersion = 10.0.40219.1
Project("{FAE04EC0-301F-11D3-BF4B-00C04F79EFBC}") = "MeetupSchedule", "MeetupSchedule\MeetupSchedule.csproj", "{DCACC3EE-E13F-49A6-8D71-BE53976619A1}"
EndProject
Project("{FAE04EC0-301F-11D3-BF4B-00C04F79EFBC}") = "MeetupScheduleConsole", "MeetupSchec\MeetupScheduleConsole.csproj", "{4D84E5BF-8A07-4F70-BB5B-76E2DEE4C7AF}"
EndProject
Project("{FAE04EC0-301F-11D3-BF4B-00C04F79EFBC}") = "MeetupScheduleTest", "MeetupScheduleTest\MeetupScheduleTest.csproj", "{2696E49E-B110-4796-B175-11986EA7B3E8}"
EndProject
Global
	GlobalSection(SolutionConfigurationPlatforms) = preSolution
		Debug|Any CPU = Debug|Any CPU
		Release|Any CPU = Release|Any CPU
	EndGlobalSection
	GlobalSection(ProjectConfigurationPlatforms) = postSolution
		{DCACC3EE-E13F-49A6-8D71-BE53976619A1}.Debug|Any CPU.ActiveCfg = Debug|Any CPU
		{DCACC3EE-E13F-49A6-8D71-BE53976619A1}.Debug|Any CPU.Build.0 = Debug|Any CPU
		{DCACC3EE-E13F-49A6-8D71-BE53976619A1}.Release|Any CPU.ActiveCfg = Release|Any CPU
		{DCACC3EE-E13F-49A6-8D71-BE53976619A1}.Release|Any CPU.Build.0 = Release|Any CPU
		{4D84E5BF-8A07-4F70-BB5B-76E2DEE4C7AF}.Debug|Any CPU.ActiveCfg = Debug|Any CPU
		{4D84E5BF-8A07-4F70-BB5B-76E2DEE4C7AF}.Debug|Any CPU.Build.0 = Debug|Any CPU
		{4D84E5BF-8A07-4F70-BB5B-76E2DEE4C7AF}.Release|Any CPU.ActiveCfg = Release|Any CPU
		{4D84E5BF-8A07-4F70-BB5B-76E2DEE4C7AF}.Release|Any CPU.Build.0 = Release|Any CPU
		{2696E49E-B110-4796-B175-11986EA7B3E8}.Debug|Any CPU.ActiveCfg = Debug|Any CPU
		{2696E49E-B110-4796-B175-11986EA7B3E8}.Debug|Any CPU.Build.0 = Debug|Any CPU
		{2696E49E-B110-4796-B175-11986EA7B3E8}.Release|Any CPU.ActiveCfg = Release|Any CPU
		{2696E49E-B110-4796-B175-11986EA7B3E8}.Release|Any CPU.Build.0 = Release|Any CPU
	EndGlobalSection
	GlobalSection(SolutionProperties) = preSolution
		HideSolutionNode = FALSE
	EndGlobalSection
	GlobalSection(ExtensibilityGlobals) = postSolution
		SolutionGuid = {F1CF411C-A710-4899-A8E8-E0487FAA8435}
	EndGlobalSection
EndGlobal
